// !$*UTF8*$!
{
	archiveVersion = 1;
	classes = {
	};
	objectVersion = 52;
	objects = {

/* Begin PBXBuildFile section */
		400E344223128CDB00B57407 /* PiDashTests.swift in Sources */ = {isa = PBXBuildFile; fileRef = 400E344123128CDB00B57407 /* PiDashTests.swift */; };
		400E34502312E8E400B57407 /* BlueCom in Frameworks */ = {isa = PBXBuildFile; productRef = 400E344F2312E8E400B57407 /* BlueCom */; };
		40738F4423151B6A005BE377 /* DebugPrint.swift in Sources */ = {isa = PBXBuildFile; fileRef = 40738F4323151B6A005BE377 /* DebugPrint.swift */; };
		408759DC23154D3000A1E319 /* ConnectionManager.swift in Sources */ = {isa = PBXBuildFile; fileRef = 408759DB23154D3000A1E319 /* ConnectionManager.swift */; };
		408759DE231553DB00A1E319 /* ServerCell.swift in Sources */ = {isa = PBXBuildFile; fileRef = 408759DD231553DB00A1E319 /* ServerCell.swift */; };
		40B1E58D2312820300A29211 /* AppDelegate.swift in Sources */ = {isa = PBXBuildFile; fileRef = 40B1E58C2312820300A29211 /* AppDelegate.swift */; };
		40B1E58F2312820300A29211 /* SceneDelegate.swift in Sources */ = {isa = PBXBuildFile; fileRef = 40B1E58E2312820300A29211 /* SceneDelegate.swift */; };
		40B1E5922312820300A29211 /* PiDash.xcdatamodeld in Sources */ = {isa = PBXBuildFile; fileRef = 40B1E5902312820300A29211 /* PiDash.xcdatamodeld */; };
		40B1E5942312820300A29211 /* ContentView.swift in Sources */ = {isa = PBXBuildFile; fileRef = 40B1E5932312820300A29211 /* ContentView.swift */; };
		40B1E5962312820500A29211 /* Assets.xcassets in Resources */ = {isa = PBXBuildFile; fileRef = 40B1E5952312820500A29211 /* Assets.xcassets */; };
		40B1E5992312820500A29211 /* Preview Assets.xcassets in Resources */ = {isa = PBXBuildFile; fileRef = 40B1E5982312820500A29211 /* Preview Assets.xcassets */; };
		40B1E59C2312820500A29211 /* LaunchScreen.storyboard in Resources */ = {isa = PBXBuildFile; fileRef = 40B1E59A2312820500A29211 /* LaunchScreen.storyboard */; };
/* End PBXBuildFile section */

/* Begin PBXContainerItemProxy section */
		400E344423128CDB00B57407 /* PBXContainerItemProxy */ = {
			isa = PBXContainerItemProxy;
			containerPortal = 40B1E5812312820300A29211 /* Project object */;
			proxyType = 1;
			remoteGlobalIDString = 40B1E5882312820300A29211;
			remoteInfo = PiDash;
		};
/* End PBXContainerItemProxy section */

/* Begin PBXFileReference section */
		400E343F23128CDB00B57407 /* PiDashTests.xctest */ = {isa = PBXFileReference; explicitFileType = wrapper.cfbundle; includeInIndex = 0; path = PiDashTests.xctest; sourceTree = BUILT_PRODUCTS_DIR; };
		400E344123128CDB00B57407 /* PiDashTests.swift */ = {isa = PBXFileReference; lastKnownFileType = sourcecode.swift; path = PiDashTests.swift; sourceTree = "<group>"; };
		400E344323128CDB00B57407 /* Info.plist */ = {isa = PBXFileReference; lastKnownFileType = text.plist.xml; path = Info.plist; sourceTree = "<group>"; };
		400E344B2312E77100B57407 /* BlueCom */ = {isa = PBXFileReference; lastKnownFileType = folder; path = BlueCom; sourceTree = "<group>"; };
		400E34512312FF9600B57407 /* Serializable */ = {isa = PBXFileReference; lastKnownFileType = folder; path = Serializable; sourceTree = "<group>"; };
		40738F4323151B6A005BE377 /* DebugPrint.swift */ = {isa = PBXFileReference; lastKnownFileType = sourcecode.swift; path = DebugPrint.swift; sourceTree = "<group>"; };
		408759DB23154D3000A1E319 /* ConnectionManager.swift */ = {isa = PBXFileReference; lastKnownFileType = sourcecode.swift; path = ConnectionManager.swift; sourceTree = "<group>"; };
		408759DD231553DB00A1E319 /* ServerCell.swift */ = {isa = PBXFileReference; lastKnownFileType = sourcecode.swift; path = ServerCell.swift; sourceTree = "<group>"; };
		40B1E5892312820300A29211 /* PiDash.app */ = {isa = PBXFileReference; explicitFileType = wrapper.application; includeInIndex = 0; path = PiDash.app; sourceTree = BUILT_PRODUCTS_DIR; };
		40B1E58C2312820300A29211 /* AppDelegate.swift */ = {isa = PBXFileReference; lastKnownFileType = sourcecode.swift; path = AppDelegate.swift; sourceTree = "<group>"; };
		40B1E58E2312820300A29211 /* SceneDelegate.swift */ = {isa = PBXFileReference; lastKnownFileType = sourcecode.swift; path = SceneDelegate.swift; sourceTree = "<group>"; };
		40B1E5912312820300A29211 /* PiDash.xcdatamodel */ = {isa = PBXFileReference; lastKnownFileType = wrapper.xcdatamodel; path = PiDash.xcdatamodel; sourceTree = "<group>"; };
		40B1E5932312820300A29211 /* ContentView.swift */ = {isa = PBXFileReference; lastKnownFileType = sourcecode.swift; path = ContentView.swift; sourceTree = "<group>"; };
		40B1E5952312820500A29211 /* Assets.xcassets */ = {isa = PBXFileReference; lastKnownFileType = folder.assetcatalog; path = Assets.xcassets; sourceTree = "<group>"; };
		40B1E5982312820500A29211 /* Preview Assets.xcassets */ = {isa = PBXFileReference; lastKnownFileType = folder.assetcatalog; path = "Preview Assets.xcassets"; sourceTree = "<group>"; };
		40B1E59B2312820500A29211 /* Base */ = {isa = PBXFileReference; lastKnownFileType = file.storyboard; name = Base; path = Base.lproj/LaunchScreen.storyboard; sourceTree = "<group>"; };
		40B1E59D2312820500A29211 /* Info.plist */ = {isa = PBXFileReference; lastKnownFileType = text.plist.xml; path = Info.plist; sourceTree = "<group>"; };
/* End PBXFileReference section */

/* Begin PBXFrameworksBuildPhase section */
		400E343C23128CDB00B57407 /* Frameworks */ = {
			isa = PBXFrameworksBuildPhase;
			buildActionMask = 2147483647;
			files = (
			);
			runOnlyForDeploymentPostprocessing = 0;
		};
		40B1E5862312820300A29211 /* Frameworks */ = {
			isa = PBXFrameworksBuildPhase;
			buildActionMask = 2147483647;
			files = (
				400E34502312E8E400B57407 /* BlueCom in Frameworks */,
			);
			runOnlyForDeploymentPostprocessing = 0;
		};
/* End PBXFrameworksBuildPhase section */

/* Begin PBXGroup section */
		400E344023128CDB00B57407 /* PiDashTests */ = {
			isa = PBXGroup;
			children = (
				400E344123128CDB00B57407 /* PiDashTests.swift */,
				400E344323128CDB00B57407 /* Info.plist */,
			);
			path = PiDashTests;
			sourceTree = "<group>";
		};
		400E34492312E67D00B57407 /* Supporting Files */ = {
			isa = PBXGroup;
			children = (
				40B1E5952312820500A29211 /* Assets.xcassets */,
				40B1E59A2312820500A29211 /* LaunchScreen.storyboard */,
				40B1E59D2312820500A29211 /* Info.plist */,
				40B1E5902312820300A29211 /* PiDash.xcdatamodeld */,
				40738F4323151B6A005BE377 /* DebugPrint.swift */,
			);
			path = "Supporting Files";
			sourceTree = "<group>";
		};
		400E344A2312E68B00B57407 /* Application Delegates */ = {
			isa = PBXGroup;
			children = (
				40B1E58C2312820300A29211 /* AppDelegate.swift */,
				40B1E58E2312820300A29211 /* SceneDelegate.swift */,
			);
			path = "Application Delegates";
			sourceTree = "<group>";
		};
		400E344E2312E8E400B57407 /* Frameworks */ = {
			isa = PBXGroup;
			children = (
			);
			name = Frameworks;
			sourceTree = "<group>";
		};
		40B1E5802312820300A29211 = {
			isa = PBXGroup;
			children = (
				40B1E58B2312820300A29211 /* PiDash */,
				400E344023128CDB00B57407 /* PiDashTests */,
				400E344B2312E77100B57407 /* BlueCom */,
				400E34512312FF9600B57407 /* Serializable */,
				40B1E58A2312820300A29211 /* Products */,
				400E344E2312E8E400B57407 /* Frameworks */,
			);
			sourceTree = "<group>";
		};
		40B1E58A2312820300A29211 /* Products */ = {
			isa = PBXGroup;
			children = (
				40B1E5892312820300A29211 /* PiDash.app */,
				400E343F23128CDB00B57407 /* PiDashTests.xctest */,
			);
			name = Products;
			sourceTree = "<group>";
		};
		40B1E58B2312820300A29211 /* PiDash */ = {
			isa = PBXGroup;
			children = (
				400E344A2312E68B00B57407 /* Application Delegates */,
				40B1E5932312820300A29211 /* ContentView.swift */,
				408759DD231553DB00A1E319 /* ServerCell.swift */,
				408759DB23154D3000A1E319 /* ConnectionManager.swift */,
				400E34492312E67D00B57407 /* Supporting Files */,
				40B1E5972312820500A29211 /* Preview Content */,
			);
			path = PiDash;
			sourceTree = "<group>";
		};
		40B1E5972312820500A29211 /* Preview Content */ = {
			isa = PBXGroup;
			children = (
				40B1E5982312820500A29211 /* Preview Assets.xcassets */,
			);
			path = "Preview Content";
			sourceTree = "<group>";
		};
/* End PBXGroup section */

/* Begin PBXNativeTarget section */
		400E343E23128CDB00B57407 /* PiDashTests */ = {
			isa = PBXNativeTarget;
			buildConfigurationList = 400E344823128CDB00B57407 /* Build configuration list for PBXNativeTarget "PiDashTests" */;
			buildPhases = (
				400E343B23128CDB00B57407 /* Sources */,
				400E343C23128CDB00B57407 /* Frameworks */,
				400E343D23128CDB00B57407 /* Resources */,
			);
			buildRules = (
			);
			dependencies = (
				400E344523128CDB00B57407 /* PBXTargetDependency */,
			);
			name = PiDashTests;
			productName = PiDashTests;
			productReference = 400E343F23128CDB00B57407 /* PiDashTests.xctest */;
			productType = "com.apple.product-type.bundle.unit-test";
		};
		40B1E5882312820300A29211 /* PiDash */ = {
			isa = PBXNativeTarget;
			buildConfigurationList = 40B1E5A02312820500A29211 /* Build configuration list for PBXNativeTarget "PiDash" */;
			buildPhases = (
				40B1E5852312820300A29211 /* Sources */,
				40B1E5862312820300A29211 /* Frameworks */,
				40B1E5872312820300A29211 /* Resources */,
				40738F42231515C2005BE377 /* Swiftlint */,
			);
			buildRules = (
			);
			dependencies = (
			);
			name = PiDash;
			packageProductDependencies = (
				400E344F2312E8E400B57407 /* BlueCom */,
			);
			productName = PiDash;
			productReference = 40B1E5892312820300A29211 /* PiDash.app */;
			productType = "com.apple.product-type.application";
		};
/* End PBXNativeTarget section */

/* Begin PBXProject section */
		40B1E5812312820300A29211 /* Project object */ = {
			isa = PBXProject;
			attributes = {
				LastSwiftUpdateCheck = 1100;
				LastUpgradeCheck = 1100;
				ORGANIZATIONNAME = "Noah Peeters";
				TargetAttributes = {
					400E343E23128CDB00B57407 = {
						CreatedOnToolsVersion = 11.0;
						TestTargetID = 40B1E5882312820300A29211;
					};
					40B1E5882312820300A29211 = {
						CreatedOnToolsVersion = 11.0;
					};
				};
			};
			buildConfigurationList = 40B1E5842312820300A29211 /* Build configuration list for PBXProject "PiDash" */;
			compatibilityVersion = "Xcode 9.3";
			developmentRegion = en;
			hasScannedForEncodings = 0;
			knownRegions = (
				en,
				Base,
			);
			mainGroup = 40B1E5802312820300A29211;
			productRefGroup = 40B1E58A2312820300A29211 /* Products */;
			projectDirPath = "";
			projectRoot = "";
			targets = (
				40B1E5882312820300A29211 /* PiDash */,
				400E343E23128CDB00B57407 /* PiDashTests */,
			);
		};
/* End PBXProject section */

/* Begin PBXResourcesBuildPhase section */
		400E343D23128CDB00B57407 /* Resources */ = {
			isa = PBXResourcesBuildPhase;
			buildActionMask = 2147483647;
			files = (
			);
			runOnlyForDeploymentPostprocessing = 0;
		};
		40B1E5872312820300A29211 /* Resources */ = {
			isa = PBXResourcesBuildPhase;
			buildActionMask = 2147483647;
			files = (
				40B1E59C2312820500A29211 /* LaunchScreen.storyboard in Resources */,
				40B1E5992312820500A29211 /* Preview Assets.xcassets in Resources */,
				40B1E5962312820500A29211 /* Assets.xcassets in Resources */,
			);
			runOnlyForDeploymentPostprocessing = 0;
		};
/* End PBXResourcesBuildPhase section */

/* Begin PBXShellScriptBuildPhase section */
		40738F42231515C2005BE377 /* Swiftlint */ = {
			isa = PBXShellScriptBuildPhase;
			buildActionMask = 2147483647;
			files = (
			);
			inputFileListPaths = (
			);
			inputPaths = (
			);
			name = Swiftlint;
			outputFileListPaths = (
			);
			outputPaths = (
			);
			runOnlyForDeploymentPostprocessing = 0;
			shellPath = /bin/sh;
			shellScript = "if which swiftlint >/dev/null; then\n  swiftlint\nelse\n  echo \"error: SwiftLint not installed, download from https://github.com/realm/SwiftLint\"\nfi\n";
		};
/* End PBXShellScriptBuildPhase section */

/* Begin PBXSourcesBuildPhase section */
		400E343B23128CDB00B57407 /* Sources */ = {
			isa = PBXSourcesBuildPhase;
			buildActionMask = 2147483647;
			files = (
				400E344223128CDB00B57407 /* PiDashTests.swift in Sources */,
			);
			runOnlyForDeploymentPostprocessing = 0;
		};
		40B1E5852312820300A29211 /* Sources */ = {
			isa = PBXSourcesBuildPhase;
			buildActionMask = 2147483647;
			files = (
				40B1E58D2312820300A29211 /* AppDelegate.swift in Sources */,
				408759DC23154D3000A1E319 /* ConnectionManager.swift in Sources */,
				40B1E5922312820300A29211 /* PiDash.xcdatamodeld in Sources */,
				40B1E5942312820300A29211 /* ContentView.swift in Sources */,
				40B1E58F2312820300A29211 /* SceneDelegate.swift in Sources */,
				408759DE231553DB00A1E319 /* ServerCell.swift in Sources */,
				40738F4423151B6A005BE377 /* DebugPrint.swift in Sources */,
			);
			runOnlyForDeploymentPostprocessing = 0;
		};
/* End PBXSourcesBuildPhase section */

/* Begin PBXTargetDependency section */
		400E344523128CDB00B57407 /* PBXTargetDependency */ = {
			isa = PBXTargetDependency;
			target = 40B1E5882312820300A29211 /* PiDash */;
			targetProxy = 400E344423128CDB00B57407 /* PBXContainerItemProxy */;
		};
/* End PBXTargetDependency section */

/* Begin PBXVariantGroup section */
		40B1E59A2312820500A29211 /* LaunchScreen.storyboard */ = {
			isa = PBXVariantGroup;
			children = (
				40B1E59B2312820500A29211 /* Base */,
			);
			name = LaunchScreen.storyboard;
			sourceTree = "<group>";
		};
/* End PBXVariantGroup section */

/* Begin XCBuildConfiguration section */
		400E344623128CDB00B57407 /* Debug */ = {
			isa = XCBuildConfiguration;
			buildSettings = {
				BUNDLE_LOADER = "$(TEST_HOST)";
				CODE_SIGN_STYLE = Automatic;
				DEVELOPMENT_TEAM = 52A793VRAY;
				INFOPLIST_FILE = PiDashTests/Info.plist;
				LD_RUNPATH_SEARCH_PATHS = (
					"$(inherited)",
					"@executable_path/Frameworks",
					"@loader_path/Frameworks",
				);
				PRODUCT_BUNDLE_IDENTIFIER = to.us.peeters.PiDashTests;
				PRODUCT_NAME = "$(TARGET_NAME)";
				SWIFT_VERSION = 5.0;
				TARGETED_DEVICE_FAMILY = "1,2";
				TEST_HOST = "$(BUILT_PRODUCTS_DIR)/PiDash.app/PiDash";
			};
			name = Debug;
		};
		400E344723128CDB00B57407 /* Release */ = {
			isa = XCBuildConfiguration;
			buildSettings = {
				BUNDLE_LOADER = "$(TEST_HOST)";
				CODE_SIGN_STYLE = Automatic;
				DEVELOPMENT_TEAM = 52A793VRAY;
				INFOPLIST_FILE = PiDashTests/Info.plist;
				LD_RUNPATH_SEARCH_PATHS = (
					"$(inherited)",
					"@executable_path/Frameworks",
					"@loader_path/Frameworks",
				);
				PRODUCT_BUNDLE_IDENTIFIER = to.us.peeters.PiDashTests;
				PRODUCT_NAME = "$(TARGET_NAME)";
				SWIFT_VERSION = 5.0;
				TARGETED_DEVICE_FAMILY = "1,2";
				TEST_HOST = "$(BUILT_PRODUCTS_DIR)/PiDash.app/PiDash";
			};
			name = Release;
		};
		40B1E59E2312820500A29211 /* Debug */ = {
			isa = XCBuildConfiguration;
			buildSettings = {
				ALWAYS_SEARCH_USER_PATHS = NO;
				CLANG_ANALYZER_NONNULL = YES;
				CLANG_ANALYZER_NUMBER_OBJECT_CONVERSION = YES_AGGRESSIVE;
				CLANG_CXX_LANGUAGE_STANDARD = "gnu++14";
				CLANG_CXX_LIBRARY = "libc++";
				CLANG_ENABLE_MODULES = YES;
				CLANG_ENABLE_OBJC_ARC = YES;
				CLANG_ENABLE_OBJC_WEAK = YES;
				CLANG_WARN_BLOCK_CAPTURE_AUTORELEASING = YES;
				CLANG_WARN_BOOL_CONVERSION = YES;
				CLANG_WARN_COMMA = YES;
				CLANG_WARN_CONSTANT_CONVERSION = YES;
				CLANG_WARN_DEPRECATED_OBJC_IMPLEMENTATIONS = YES;
				CLANG_WARN_DIRECT_OBJC_ISA_USAGE = YES_ERROR;
				CLANG_WARN_DOCUMENTATION_COMMENTS = YES;
				CLANG_WARN_EMPTY_BODY = YES;
				CLANG_WARN_ENUM_CONVERSION = YES;
				CLANG_WARN_INFINITE_RECURSION = YES;
				CLANG_WARN_INT_CONVERSION = YES;
				CLANG_WARN_NON_LITERAL_NULL_CONVERSION = YES;
				CLANG_WARN_OBJC_IMPLICIT_RETAIN_SELF = YES;
				CLANG_WARN_OBJC_LITERAL_CONVERSION = YES;
				CLANG_WARN_OBJC_ROOT_CLASS = YES_ERROR;
				CLANG_WARN_RANGE_LOOP_ANALYSIS = YES;
				CLANG_WARN_STRICT_PROTOTYPES = YES;
				CLANG_WARN_SUSPICIOUS_MOVE = YES;
				CLANG_WARN_UNGUARDED_AVAILABILITY = YES_AGGRESSIVE;
				CLANG_WARN_UNREACHABLE_CODE = YES;
				CLANG_WARN__DUPLICATE_METHOD_MATCH = YES;
				COPY_PHASE_STRIP = NO;
				DEBUG_INFORMATION_FORMAT = dwarf;
				ENABLE_STRICT_OBJC_MSGSEND = YES;
				ENABLE_TESTABILITY = YES;
				GCC_C_LANGUAGE_STANDARD = gnu11;
				GCC_DYNAMIC_NO_PIC = NO;
				GCC_NO_COMMON_BLOCKS = YES;
				GCC_OPTIMIZATION_LEVEL = 0;
				GCC_PREPROCESSOR_DEFINITIONS = (
					"DEBUG=1",
					"$(inherited)",
				);
				GCC_WARN_64_TO_32_BIT_CONVERSION = YES;
				GCC_WARN_ABOUT_RETURN_TYPE = YES_ERROR;
				GCC_WARN_UNDECLARED_SELECTOR = YES;
				GCC_WARN_UNINITIALIZED_AUTOS = YES_AGGRESSIVE;
				GCC_WARN_UNUSED_FUNCTION = YES;
				GCC_WARN_UNUSED_VARIABLE = YES;
				IPHONEOS_DEPLOYMENT_TARGET = 13.0;
				MTL_ENABLE_DEBUG_INFO = INCLUDE_SOURCE;
				MTL_FAST_MATH = YES;
				ONLY_ACTIVE_ARCH = YES;
				SDKROOT = iphoneos;
				SWIFT_ACTIVE_COMPILATION_CONDITIONS = DEBUG;
				SWIFT_OPTIMIZATION_LEVEL = "-Onone";
			};
			name = Debug;
		};
		40B1E59F2312820500A29211 /* Release */ = {
			isa = XCBuildConfiguration;
			buildSettings = {
				ALWAYS_SEARCH_USER_PATHS = NO;
				CLANG_ANALYZER_NONNULL = YES;
				CLANG_ANALYZER_NUMBER_OBJECT_CONVERSION = YES_AGGRESSIVE;
				CLANG_CXX_LANGUAGE_STANDARD = "gnu++14";
				CLANG_CXX_LIBRARY = "libc++";
				CLANG_ENABLE_MODULES = YES;
				CLANG_ENABLE_OBJC_ARC = YES;
				CLANG_ENABLE_OBJC_WEAK = YES;
				CLANG_WARN_BLOCK_CAPTURE_AUTORELEASING = YES;
				CLANG_WARN_BOOL_CONVERSION = YES;
				CLANG_WARN_COMMA = YES;
				CLANG_WARN_CONSTANT_CONVERSION = YES;
				CLANG_WARN_DEPRECATED_OBJC_IMPLEMENTATIONS = YES;
				CLANG_WARN_DIRECT_OBJC_ISA_USAGE = YES_ERROR;
				CLANG_WARN_DOCUMENTATION_COMMENTS = YES;
				CLANG_WARN_EMPTY_BODY = YES;
				CLANG_WARN_ENUM_CONVERSION = YES;
				CLANG_WARN_INFINITE_RECURSION = YES;
				CLANG_WARN_INT_CONVERSION = YES;
				CLANG_WARN_NON_LITERAL_NULL_CONVERSION = YES;
				CLANG_WARN_OBJC_IMPLICIT_RETAIN_SELF = YES;
				CLANG_WARN_OBJC_LITERAL_CONVERSION = YES;
				CLANG_WARN_OBJC_ROOT_CLASS = YES_ERROR;
				CLANG_WARN_RANGE_LOOP_ANALYSIS = YES;
				CLANG_WARN_STRICT_PROTOTYPES = YES;
				CLANG_WARN_SUSPICIOUS_MOVE = YES;
				CLANG_WARN_UNGUARDED_AVAILABILITY = YES_AGGRESSIVE;
				CLANG_WARN_UNREACHABLE_CODE = YES;
				CLANG_WARN__DUPLICATE_METHOD_MATCH = YES;
				COPY_PHASE_STRIP = NO;
				DEBUG_INFORMATION_FORMAT = "dwarf-with-dsym";
				ENABLE_NS_ASSERTIONS = NO;
				ENABLE_STRICT_OBJC_MSGSEND = YES;
				GCC_C_LANGUAGE_STANDARD = gnu11;
				GCC_NO_COMMON_BLOCKS = YES;
				GCC_WARN_64_TO_32_BIT_CONVERSION = YES;
				GCC_WARN_ABOUT_RETURN_TYPE = YES_ERROR;
				GCC_WARN_UNDECLARED_SELECTOR = YES;
				GCC_WARN_UNINITIALIZED_AUTOS = YES_AGGRESSIVE;
				GCC_WARN_UNUSED_FUNCTION = YES;
				GCC_WARN_UNUSED_VARIABLE = YES;
				IPHONEOS_DEPLOYMENT_TARGET = 13.0;
				MTL_ENABLE_DEBUG_INFO = NO;
				MTL_FAST_MATH = YES;
				SDKROOT = iphoneos;
				SWIFT_COMPILATION_MODE = wholemodule;
				SWIFT_OPTIMIZATION_LEVEL = "-O";
				VALIDATE_PRODUCT = YES;
			};
			name = Release;
		};
		40B1E5A12312820500A29211 /* Debug */ = {
			isa = XCBuildConfiguration;
			buildSettings = {
				ASSETCATALOG_COMPILER_APPICON_NAME = AppIcon;
				CODE_SIGN_STYLE = Automatic;
				DEVELOPMENT_ASSET_PATHS = "PiDash/Preview\\ Content";
				DEVELOPMENT_TEAM = 52A793VRAY;
				ENABLE_PREVIEWS = YES;
				INFOPLIST_FILE = "PiDash/Supporting Files/Info.plist";
				LD_RUNPATH_SEARCH_PATHS = (
					"$(inherited)",
					"@executable_path/Frameworks",
				);
				PRODUCT_BUNDLE_IDENTIFIER = to.us.peeters.PiDash;
				PRODUCT_NAME = "$(TARGET_NAME)";
				SWIFT_VERSION = 5.0;
				TARGETED_DEVICE_FAMILY = "1,2";
			};
			name = Debug;
		};
		40B1E5A22312820500A29211 /* Release */ = {
			isa = XCBuildConfiguration;
			buildSettings = {
				ASSETCATALOG_COMPILER_APPICON_NAME = AppIcon;
				CODE_SIGN_STYLE = Automatic;
				DEVELOPMENT_ASSET_PATHS = "PiDash/Preview\\ Content";
				DEVELOPMENT_TEAM = 52A793VRAY;
				ENABLE_PREVIEWS = YES;
				INFOPLIST_FILE = "PiDash/Supporting Files/Info.plist";
				LD_RUNPATH_SEARCH_PATHS = (
					"$(inherited)",
					"@executable_path/Frameworks",
				);
				PRODUCT_BUNDLE_IDENTIFIER = to.us.peeters.PiDash;
				PRODUCT_NAME = "$(TARGET_NAME)";
				SWIFT_VERSION = 5.0;
				TARGETED_DEVICE_FAMILY = "1,2";
			};
			name = Release;
		};
/* End XCBuildConfiguration section */

/* Begin XCConfigurationList section */
		400E344823128CDB00B57407 /* Build configuration list for PBXNativeTarget "PiDashTests" */ = {
			isa = XCConfigurationList;
			buildConfigurations = (
				400E344623128CDB00B57407 /* Debug */,
				400E344723128CDB00B57407 /* Release */,
			);
			defaultConfigurationIsVisible = 0;
			defaultConfigurationName = Release;
		};
		40B1E5842312820300A29211 /* Build configuration list for PBXProject "PiDash" */ = {
			isa = XCConfigurationList;
			buildConfigurations = (
				40B1E59E2312820500A29211 /* Debug */,
				40B1E59F2312820500A29211 /* Release */,
			);
			defaultConfigurationIsVisible = 0;
			defaultConfigurationName = Release;
		};
		40B1E5A02312820500A29211 /* Build configuration list for PBXNativeTarget "PiDash" */ = {
			isa = XCConfigurationList;
			buildConfigurations = (
				40B1E5A12312820500A29211 /* Debug */,
				40B1E5A22312820500A29211 /* Release */,
			);
			defaultConfigurationIsVisible = 0;
			defaultConfigurationName = Release;
		};
/* End XCConfigurationList section */

/* Begin XCSwiftPackageProductDependency section */
		400E344F2312E8E400B57407 /* BlueCom */ = {
			isa = XCSwiftPackageProductDependency;
			productName = BlueCom;
		};
/* End XCSwiftPackageProductDependency section */

/* Begin XCVersionGroup section */
		40B1E5902312820300A29211 /* PiDash.xcdatamodeld */ = {
			isa = XCVersionGroup;
			children = (
				40B1E5912312820300A29211 /* PiDash.xcdatamodel */,
			);
			currentVersion = 40B1E5912312820300A29211 /* PiDash.xcdatamodel */;
			path = PiDash.xcdatamodeld;
			sourceTree = "<group>";
			versionGroupType = wrapper.xcdatamodel;
		};
/* End XCVersionGroup section */
	};
	rootObject = 40B1E5812312820300A29211 /* Project object */;
}
